// !$*UTF8*$!
{
	archiveVersion = 1;
	classes = {
	};
	objectVersion = 50;
	objects = {

/* Begin PBXBuildFile section */
		E12CC93A235A9C32005A2FB5 /* AppDelegate.swift in Sources */ = {isa = PBXBuildFile; fileRef = E12CC939235A9C32005A2FB5 /* AppDelegate.swift */; };
		E12CC93C235A9C32005A2FB5 /* SceneDelegate.swift in Sources */ = {isa = PBXBuildFile; fileRef = E12CC93B235A9C32005A2FB5 /* SceneDelegate.swift */; };
		E12CC93E235A9C32005A2FB5 /* ViewController.swift in Sources */ = {isa = PBXBuildFile; fileRef = E12CC93D235A9C32005A2FB5 /* ViewController.swift */; };
		E12CC941235A9C32005A2FB5 /* Main.storyboard in Resources */ = {isa = PBXBuildFile; fileRef = E12CC93F235A9C32005A2FB5 /* Main.storyboard */; };
		E12CC943235A9C36005A2FB5 /* Assets.xcassets in Resources */ = {isa = PBXBuildFile; fileRef = E12CC942235A9C36005A2FB5 /* Assets.xcassets */; };
		E12CC946235A9C36005A2FB5 /* LaunchScreen.storyboard in Resources */ = {isa = PBXBuildFile; fileRef = E12CC944235A9C36005A2FB5 /* LaunchScreen.storyboard */; };
		E12CC955235A9F89005A2FB5 /* CustomButton.swift in Sources */ = {isa = PBXBuildFile; fileRef = E12CC951235A9F89005A2FB5 /* CustomButton.swift */; };
		E12CC956235A9F89005A2FB5 /* BackgroundGradient.swift in Sources */ = {isa = PBXBuildFile; fileRef = E12CC952235A9F89005A2FB5 /* BackgroundGradient.swift */; };
		E12CC957235A9F89005A2FB5 /* Button.swift in Sources */ = {isa = PBXBuildFile; fileRef = E12CC953235A9F89005A2FB5 /* Button.swift */; };
		E12CC958235A9F89005A2FB5 /* CustomTextField.swift in Sources */ = {isa = PBXBuildFile; fileRef = E12CC954235A9F89005A2FB5 /* CustomTextField.swift */; };
/* End PBXBuildFile section */

/* Begin PBXFileReference section */
		E12CC936235A9C32005A2FB5 /* inroads.app */ = {isa = PBXFileReference; explicitFileType = wrapper.application; includeInIndex = 0; path = inroads.app; sourceTree = BUILT_PRODUCTS_DIR; };
		E12CC939235A9C32005A2FB5 /* AppDelegate.swift */ = {isa = PBXFileReference; lastKnownFileType = sourcecode.swift; path = AppDelegate.swift; sourceTree = "<group>"; };
		E12CC93B235A9C32005A2FB5 /* SceneDelegate.swift */ = {isa = PBXFileReference; lastKnownFileType = sourcecode.swift; path = SceneDelegate.swift; sourceTree = "<group>"; };
		E12CC93D235A9C32005A2FB5 /* ViewController.swift */ = {isa = PBXFileReference; lastKnownFileType = sourcecode.swift; path = ViewController.swift; sourceTree = "<group>"; };
		E12CC940235A9C32005A2FB5 /* Base */ = {isa = PBXFileReference; lastKnownFileType = file.storyboard; name = Base; path = Base.lproj/Main.storyboard; sourceTree = "<group>"; };
		E12CC942235A9C36005A2FB5 /* Assets.xcassets */ = {isa = PBXFileReference; lastKnownFileType = folder.assetcatalog; path = Assets.xcassets; sourceTree = "<group>"; };
		E12CC945235A9C36005A2FB5 /* Base */ = {isa = PBXFileReference; lastKnownFileType = file.storyboard; name = Base; path = Base.lproj/LaunchScreen.storyboard; sourceTree = "<group>"; };
		E12CC947235A9C36005A2FB5 /* Info.plist */ = {isa = PBXFileReference; lastKnownFileType = text.plist.xml; path = Info.plist; sourceTree = "<group>"; };
		E12CC951235A9F89005A2FB5 /* CustomButton.swift */ = {isa = PBXFileReference; fileEncoding = 4; lastKnownFileType = sourcecode.swift; path = CustomButton.swift; sourceTree = "<group>"; };
		E12CC952235A9F89005A2FB5 /* BackgroundGradient.swift */ = {isa = PBXFileReference; fileEncoding = 4; lastKnownFileType = sourcecode.swift; path = BackgroundGradient.swift; sourceTree = "<group>"; };
		E12CC953235A9F89005A2FB5 /* Button.swift */ = {isa = PBXFileReference; fileEncoding = 4; lastKnownFileType = sourcecode.swift; path = Button.swift; sourceTree = "<group>"; };
		E12CC954235A9F89005A2FB5 /* CustomTextField.swift */ = {isa = PBXFileReference; fileEncoding = 4; lastKnownFileType = sourcecode.swift; path = CustomTextField.swift; sourceTree = "<group>"; };
/* End PBXFileReference section */

/* Begin PBXFrameworksBuildPhase section */
		E12CC933235A9C32005A2FB5 /* Frameworks */ = {
			isa = PBXFrameworksBuildPhase;
			buildActionMask = 2147483647;
			files = (
			);
			runOnlyForDeploymentPostprocessing = 0;
		};
/* End PBXFrameworksBuildPhase section */

/* Begin PBXGroup section */
		E12CC92D235A9C32005A2FB5 = {
			isa = PBXGroup;
			children = (
				E12CC938235A9C32005A2FB5 /* inroads */,
				E12CC937235A9C32005A2FB5 /* Products */,
			);
			sourceTree = "<group>";
		};
		E12CC937235A9C32005A2FB5 /* Products */ = {
			isa = PBXGroup;
			children = (
				E12CC936235A9C32005A2FB5 /* inroads.app */,
			);
			name = Products;
			sourceTree = "<group>";
		};
		E12CC938235A9C32005A2FB5 /* inroads */ = {
			isa = PBXGroup;
			children = (
				E12CC950235A9C6A005A2FB5 /* Supporting */,
				E12CC94F235A9C54005A2FB5 /* Controllers */,
				E12CC94E235A9C4F005A2FB5 /* View */,
				E12CC94D235A9C48005A2FB5 /* Model */,
				E12CC93F235A9C32005A2FB5 /* Main.storyboard */,
				E12CC947235A9C36005A2FB5 /* Info.plist */,
			);
			path = inroads;
			sourceTree = "<group>";
		};
		E12CC94D235A9C48005A2FB5 /* Model */ = {
			isa = PBXGroup;
			children = (
			);
			path = Model;
			sourceTree = "<group>";
		};
		E12CC94E235A9C4F005A2FB5 /* View */ = {
			isa = PBXGroup;
			children = (
				E12CC952235A9F89005A2FB5 /* BackgroundGradient.swift */,
				E12CC953235A9F89005A2FB5 /* Button.swift */,
				E12CC951235A9F89005A2FB5 /* CustomButton.swift */,
				E12CC954235A9F89005A2FB5 /* CustomTextField.swift */,
			);
			path = View;
			sourceTree = "<group>";
		};
		E12CC94F235A9C54005A2FB5 /* Controllers */ = {
			isa = PBXGroup;
			children = (
				E12CC93D235A9C32005A2FB5 /* ViewController.swift */,
			);
			path = Controllers;
			sourceTree = "<group>";
		};
		E12CC950235A9C6A005A2FB5 /* Supporting */ = {
			isa = PBXGroup;
			children = (
				E12CC93B235A9C32005A2FB5 /* SceneDelegate.swift */,
				E12CC939235A9C32005A2FB5 /* AppDelegate.swift */,
				E12CC942235A9C36005A2FB5 /* Assets.xcassets */,
				E12CC944235A9C36005A2FB5 /* LaunchScreen.storyboard */,
			);
			path = Supporting;
			sourceTree = "<group>";
		};
/* End PBXGroup section */

/* Begin PBXNativeTarget section */
		E12CC935235A9C32005A2FB5 /* inroads */ = {
			isa = PBXNativeTarget;
			buildConfigurationList = E12CC94A235A9C36005A2FB5 /* Build configuration list for PBXNativeTarget "inroads" */;
			buildPhases = (
				E12CC932235A9C32005A2FB5 /* Sources */,
				E12CC933235A9C32005A2FB5 /* Frameworks */,
				E12CC934235A9C32005A2FB5 /* Resources */,
			);
			buildRules = (
			);
			dependencies = (
			);
			name = inroads;
			productName = inroads;
			productReference = E12CC936235A9C32005A2FB5 /* inroads.app */;
			productType = "com.apple.product-type.application";
		};
/* End PBXNativeTarget section */

/* Begin PBXProject section */
		E12CC92E235A9C32005A2FB5 /* Project object */ = {
			isa = PBXProject;
			attributes = {
				LastSwiftUpdateCheck = 1110;
				LastUpgradeCheck = 1110;
				ORGANIZATIONNAME = "Rob McMahon";
				TargetAttributes = {
					E12CC935235A9C32005A2FB5 = {
						CreatedOnToolsVersion = 11.1;
					};
				};
			};
			buildConfigurationList = E12CC931235A9C32005A2FB5 /* Build configuration list for PBXProject "inroads" */;
			compatibilityVersion = "Xcode 9.3";
			developmentRegion = en;
			hasScannedForEncodings = 0;
			knownRegions = (
				en,
				Base,
			);
			mainGroup = E12CC92D235A9C32005A2FB5;
			productRefGroup = E12CC937235A9C32005A2FB5 /* Products */;
			projectDirPath = "";
			projectRoot = "";
			targets = (
				E12CC935235A9C32005A2FB5 /* inroads */,
			);
		};
/* End PBXProject section */

/* Begin PBXResourcesBuildPhase section */
		E12CC934235A9C32005A2FB5 /* Resources */ = {
			isa = PBXResourcesBuildPhase;
			buildActionMask = 2147483647;
			files = (
				E12CC946235A9C36005A2FB5 /* LaunchScreen.storyboard in Resources */,
				E12CC943235A9C36005A2FB5 /* Assets.xcassets in Resources */,
				E12CC941235A9C32005A2FB5 /* Main.storyboard in Resources */,
			);
			runOnlyForDeploymentPostprocessing = 0;
		};
/* End PBXResourcesBuildPhase section */

/* Begin PBXSourcesBuildPhase section */
		E12CC932235A9C32005A2FB5 /* Sources */ = {
			isa = PBXSourcesBuildPhase;
			buildActionMask = 2147483647;
			files = (
				E12CC958235A9F89005A2FB5 /* CustomTextField.swift in Sources */,
				E12CC955235A9F89005A2FB5 /* CustomButton.swift in Sources */,
				E12CC957235A9F89005A2FB5 /* Button.swift in Sources */,
				E12CC93E235A9C32005A2FB5 /* ViewController.swift in Sources */,
				E12CC93A235A9C32005A2FB5 /* AppDelegate.swift in Sources */,
				E12CC93C235A9C32005A2FB5 /* SceneDelegate.swift in Sources */,
				E12CC956235A9F89005A2FB5 /* BackgroundGradient.swift in Sources */,
			);
			runOnlyForDeploymentPostprocessing = 0;
		};
/* End PBXSourcesBuildPhase section */

/* Begin PBXVariantGroup section */
		E12CC93F235A9C32005A2FB5 /* Main.storyboard */ = {
			isa = PBXVariantGroup;
			children = (
				E12CC940235A9C32005A2FB5 /* Base */,
			);
			name = Main.storyboard;
			sourceTree = "<group>";
		};
		E12CC944235A9C36005A2FB5 /* LaunchScreen.storyboard */ = {
			isa = PBXVariantGroup;
			children = (
				E12CC945235A9C36005A2FB5 /* Base */,
			);
			name = LaunchScreen.storyboard;
			sourceTree = "<group>";
		};
/* End PBXVariantGroup section */

/* Begin XCBuildConfiguration section */
		E12CC948235A9C36005A2FB5 /* Debug */ = {
			isa = XCBuildConfiguration;
			buildSettings = {
				ALWAYS_SEARCH_USER_PATHS = NO;
				CLANG_ANALYZER_NONNULL = YES;
				CLANG_ANALYZER_NUMBER_OBJECT_CONVERSION = YES_AGGRESSIVE;
				CLANG_CXX_LANGUAGE_STANDARD = "gnu++14";
				CLANG_CXX_LIBRARY = "libc++";
				CLANG_ENABLE_MODULES = YES;
				CLANG_ENABLE_OBJC_ARC = YES;
				CLANG_ENABLE_OBJC_WEAK = YES;
				CLANG_WARN_BLOCK_CAPTURE_AUTORELEASING = YES;
				CLANG_WARN_BOOL_CONVERSION = YES;
				CLANG_WARN_COMMA = YES;
				CLANG_WARN_CONSTANT_CONVERSION = YES;
				CLANG_WARN_DEPRECATED_OBJC_IMPLEMENTATIONS = YES;
				CLANG_WARN_DIRECT_OBJC_ISA_USAGE = YES_ERROR;
				CLANG_WARN_DOCUMENTATION_COMMENTS = YES;
				CLANG_WARN_EMPTY_BODY = YES;
				CLANG_WARN_ENUM_CONVERSION = YES;
				CLANG_WARN_INFINITE_RECURSION = YES;
				CLANG_WARN_INT_CONVERSION = YES;
				CLANG_WARN_NON_LITERAL_NULL_CONVERSION = YES;
				CLANG_WARN_OBJC_IMPLICIT_RETAIN_SELF = YES;
				CLANG_WARN_OBJC_LITERAL_CONVERSION = YES;
				CLANG_WARN_OBJC_ROOT_CLASS = YES_ERROR;
				CLANG_WARN_RANGE_LOOP_ANALYSIS = YES;
				CLANG_WARN_STRICT_PROTOTYPES = YES;
				CLANG_WARN_SUSPICIOUS_MOVE = YES;
				CLANG_WARN_UNGUARDED_AVAILABILITY = YES_AGGRESSIVE;
				CLANG_WARN_UNREACHABLE_CODE = YES;
				CLANG_WARN__DUPLICATE_METHOD_MATCH = YES;
				COPY_PHASE_STRIP = NO;
				DEBUG_INFORMATION_FORMAT = dwarf;
				ENABLE_STRICT_OBJC_MSGSEND = YES;
				ENABLE_TESTABILITY = YES;
				GCC_C_LANGUAGE_STANDARD = gnu11;
				GCC_DYNAMIC_NO_PIC = NO;
				GCC_NO_COMMON_BLOCKS = YES;
				GCC_OPTIMIZATION_LEVEL = 0;
				GCC_PREPROCESSOR_DEFINITIONS = (
					"DEBUG=1",
					"$(inherited)",
				);
				GCC_WARN_64_TO_32_BIT_CONVERSION = YES;
				GCC_WARN_ABOUT_RETURN_TYPE = YES_ERROR;
				GCC_WARN_UNDECLARED_SELECTOR = YES;
				GCC_WARN_UNINITIALIZED_AUTOS = YES_AGGRESSIVE;
				GCC_WARN_UNUSED_FUNCTION = YES;
				GCC_WARN_UNUSED_VARIABLE = YES;
				IPHONEOS_DEPLOYMENT_TARGET = 13.1;
				MTL_ENABLE_DEBUG_INFO = INCLUDE_SOURCE;
				MTL_FAST_MATH = YES;
				ONLY_ACTIVE_ARCH = YES;
				SDKROOT = iphoneos;
				SWIFT_ACTIVE_COMPILATION_CONDITIONS = DEBUG;
				SWIFT_OPTIMIZATION_LEVEL = "-Onone";
			};
			name = Debug;
		};
		E12CC949235A9C36005A2FB5 /* Release */ = {
			isa = XCBuildConfiguration;
			buildSettings = {
				ALWAYS_SEARCH_USER_PATHS = NO;
				CLANG_ANALYZER_NONNULL = YES;
				CLANG_ANALYZER_NUMBER_OBJECT_CONVERSION = YES_AGGRESSIVE;
				CLANG_CXX_LANGUAGE_STANDARD = "gnu++14";
				CLANG_CXX_LIBRARY = "libc++";
				CLANG_ENABLE_MODULES = YES;
				CLANG_ENABLE_OBJC_ARC = YES;
				CLANG_ENABLE_OBJC_WEAK = YES;
				CLANG_WARN_BLOCK_CAPTURE_AUTORELEASING = YES;
				CLANG_WARN_BOOL_CONVERSION = YES;
				CLANG_WARN_COMMA = YES;
				CLANG_WARN_CONSTANT_CONVERSION = YES;
				CLANG_WARN_DEPRECATED_OBJC_IMPLEMENTATIONS = YES;
				CLANG_WARN_DIRECT_OBJC_ISA_USAGE = YES_ERROR;
				CLANG_WARN_DOCUMENTATION_COMMENTS = YES;
				CLANG_WARN_EMPTY_BODY = YES;
				CLANG_WARN_ENUM_CONVERSION = YES;
				CLANG_WARN_INFINITE_RECURSION = YES;
				CLANG_WARN_INT_CONVERSION = YES;
				CLANG_WARN_NON_LITERAL_NULL_CONVERSION = YES;
				CLANG_WARN_OBJC_IMPLICIT_RETAIN_SELF = YES;
				CLANG_WARN_OBJC_LITERAL_CONVERSION = YES;
				CLANG_WARN_OBJC_ROOT_CLASS = YES_ERROR;
				CLANG_WARN_RANGE_LOOP_ANALYSIS = YES;
				CLANG_WARN_STRICT_PROTOTYPES = YES;
				CLANG_WARN_SUSPICIOUS_MOVE = YES;
				CLANG_WARN_UNGUARDED_AVAILABILITY = YES_AGGRESSIVE;
				CLANG_WARN_UNREACHABLE_CODE = YES;
				CLANG_WARN__DUPLICATE_METHOD_MATCH = YES;
				COPY_PHASE_STRIP = NO;
				DEBUG_INFORMATION_FORMAT = "dwarf-with-dsym";
				ENABLE_NS_ASSERTIONS = NO;
				ENABLE_STRICT_OBJC_MSGSEND = YES;
				GCC_C_LANGUAGE_STANDARD = gnu11;
				GCC_NO_COMMON_BLOCKS = YES;
				GCC_WARN_64_TO_32_BIT_CONVERSION = YES;
				GCC_WARN_ABOUT_RETURN_TYPE = YES_ERROR;
				GCC_WARN_UNDECLARED_SELECTOR = YES;
				GCC_WARN_UNINITIALIZED_AUTOS = YES_AGGRESSIVE;
				GCC_WARN_UNUSED_FUNCTION = YES;
				GCC_WARN_UNUSED_VARIABLE = YES;
				IPHONEOS_DEPLOYMENT_TARGET = 13.1;
				MTL_ENABLE_DEBUG_INFO = NO;
				MTL_FAST_MATH = YES;
				SDKROOT = iphoneos;
				SWIFT_COMPILATION_MODE = wholemodule;
				SWIFT_OPTIMIZATION_LEVEL = "-O";
				VALIDATE_PRODUCT = YES;
			};
			name = Release;
		};
		E12CC94B235A9C36005A2FB5 /* Debug */ = {
			isa = XCBuildConfiguration;
			buildSettings = {
				ASSETCATALOG_COMPILER_APPICON_NAME = AppIcon;
				CODE_SIGN_STYLE = Automatic;
				DEVELOPMENT_TEAM = KWH4L7RFZ7;
				INFOPLIST_FILE = inroads/Info.plist;
				LD_RUNPATH_SEARCH_PATHS = (
					"$(inherited)",
					"@executable_path/Frameworks",
				);
				PRODUCT_BUNDLE_IDENTIFIER = Otterbein.inroads;
				PRODUCT_NAME = "$(TARGET_NAME)";
				SWIFT_VERSION = 5.0;
				TARGETED_DEVICE_FAMILY = "1,2";
			};
			name = Debug;
		};
		E12CC94C235A9C36005A2FB5 /* Release */ = {
			isa = XCBuildConfiguration;
			buildSettings = {
				ASSETCATALOG_COMPILER_APPICON_NAME = AppIcon;
				CODE_SIGN_STYLE = Automatic;
				DEVELOPMENT_TEAM = KWH4L7RFZ7;
				INFOPLIST_FILE = inroads/Info.plist;
				LD_RUNPATH_SEARCH_PATHS = (
					"$(inherited)",
					"@executable_path/Frameworks",
				);
				PRODUCT_BUNDLE_IDENTIFIER = Otterbein.inroads;
				PRODUCT_NAME = "$(TARGET_NAME)";
				SWIFT_VERSION = 5.0;
				TARGETED_DEVICE_FAMILY = "1,2";
			};
			name = Release;
		};
/* End XCBuildConfiguration section */

/* Begin XCConfigurationList section */
		E12CC931235A9C32005A2FB5 /* Build configuration list for PBXProject "inroads" */ = {
			isa = XCConfigurationList;
			buildConfigurations = (
				E12CC948235A9C36005A2FB5 /* Debug */,
				E12CC949235A9C36005A2FB5 /* Release */,
			);
			defaultConfigurationIsVisible = 0;
			defaultConfigurationName = Release;
		};
		E12CC94A235A9C36005A2FB5 /* Build configuration list for PBXNativeTarget "inroads" */ = {
			isa = XCConfigurationList;
			buildConfigurations = (
				E12CC94B235A9C36005A2FB5 /* Debug */,
				E12CC94C235A9C36005A2FB5 /* Release */,
			);
			defaultConfigurationIsVisible = 0;
			defaultConfigurationName = Release;
		};
/* End XCConfigurationList section */
	};
	rootObject = E12CC92E235A9C32005A2FB5 /* Project object */;
}
