// !$*UTF8*$!
{
	archiveVersion = 1;
	classes = {
	};
	objectVersion = 50;
	objects = {

/* Begin PBXBuildFile section */
		638A67256B3FE44986CE8475 /* Pods_INROADS.framework in Frameworks */ = {isa = PBXBuildFile; fileRef = B59B4F3C60E51AD171969628 /* Pods_INROADS.framework */; };
		E12CC95C235AA50D005A2FB5 /* GoogleService-Info.plist in Resources */ = {isa = PBXBuildFile; fileRef = E12CC95B235AA50D005A2FB5 /* GoogleService-Info.plist */; };
		E14B419F232826BD00EBDB4A /* Button.swift in Sources */ = {isa = PBXBuildFile; fileRef = E14B419E232826BD00EBDB4A /* Button.swift */; };
		E1F922E0227CA9030051E519 /* AppDelegate.swift in Sources */ = {isa = PBXBuildFile; fileRef = E1F922DF227CA9030051E519 /* AppDelegate.swift */; };
		E1F922E2227CA9030051E519 /* LoginViewController.swift in Sources */ = {isa = PBXBuildFile; fileRef = E1F922E1227CA9030051E519 /* LoginViewController.swift */; };
		E1F922E5227CA9030051E519 /* Main.storyboard in Resources */ = {isa = PBXBuildFile; fileRef = E1F922E3227CA9030051E519 /* Main.storyboard */; };
		E1F922E7227CA9040051E519 /* Assets.xcassets in Resources */ = {isa = PBXBuildFile; fileRef = E1F922E6227CA9040051E519 /* Assets.xcassets */; };
		E1F922EA227CA9040051E519 /* LaunchScreen.storyboard in Resources */ = {isa = PBXBuildFile; fileRef = E1F922E8227CA9040051E519 /* LaunchScreen.storyboard */; };
		E1F922F6227CB8790051E519 /* BackgroundGradient.swift in Sources */ = {isa = PBXBuildFile; fileRef = E1F922F5227CB8790051E519 /* BackgroundGradient.swift */; };
		E1F922F8227CC0270051E519 /* CustomTextField.swift in Sources */ = {isa = PBXBuildFile; fileRef = E1F922F7227CC0270051E519 /* CustomTextField.swift */; };
		E1F922FA227CC5E50051E519 /* CustomButton.swift in Sources */ = {isa = PBXBuildFile; fileRef = E1F922F9227CC5E50051E519 /* CustomButton.swift */; };
		E1F922FC227CD10B0051E519 /* RegisterViewController.swift in Sources */ = {isa = PBXBuildFile; fileRef = E1F922FB227CD10B0051E519 /* RegisterViewController.swift */; };
/* End PBXBuildFile section */

/* Begin PBXFileReference section */
		3239F73312A0900D097D7218 /* Pods-INROADS.debug.xcconfig */ = {isa = PBXFileReference; includeInIndex = 1; lastKnownFileType = text.xcconfig; name = "Pods-INROADS.debug.xcconfig"; path = "Target Support Files/Pods-INROADS/Pods-INROADS.debug.xcconfig"; sourceTree = "<group>"; };
		8E2CB2345180C011D35B09EB /* Pods-INROADS.release.xcconfig */ = {isa = PBXFileReference; includeInIndex = 1; lastKnownFileType = text.xcconfig; name = "Pods-INROADS.release.xcconfig"; path = "Target Support Files/Pods-INROADS/Pods-INROADS.release.xcconfig"; sourceTree = "<group>"; };
		B59B4F3C60E51AD171969628 /* Pods_INROADS.framework */ = {isa = PBXFileReference; explicitFileType = wrapper.framework; includeInIndex = 0; path = Pods_INROADS.framework; sourceTree = BUILT_PRODUCTS_DIR; };
		E12CC95B235AA50D005A2FB5 /* GoogleService-Info.plist */ = {isa = PBXFileReference; fileEncoding = 4; lastKnownFileType = text.plist.xml; path = "GoogleService-Info.plist"; sourceTree = "<group>"; };
		E14B419E232826BD00EBDB4A /* Button.swift */ = {isa = PBXFileReference; lastKnownFileType = sourcecode.swift; path = Button.swift; sourceTree = "<group>"; };
		E1F922DC227CA9030051E519 /* INROADS.app */ = {isa = PBXFileReference; explicitFileType = wrapper.application; includeInIndex = 0; path = INROADS.app; sourceTree = BUILT_PRODUCTS_DIR; };
		E1F922DF227CA9030051E519 /* AppDelegate.swift */ = {isa = PBXFileReference; lastKnownFileType = sourcecode.swift; path = AppDelegate.swift; sourceTree = "<group>"; };
		E1F922E1227CA9030051E519 /* LoginViewController.swift */ = {isa = PBXFileReference; lastKnownFileType = sourcecode.swift; path = LoginViewController.swift; sourceTree = "<group>"; };
		E1F922E4227CA9030051E519 /* Base */ = {isa = PBXFileReference; lastKnownFileType = file.storyboard; name = Base; path = Base.lproj/Main.storyboard; sourceTree = "<group>"; };
		E1F922E6227CA9040051E519 /* Assets.xcassets */ = {isa = PBXFileReference; lastKnownFileType = folder.assetcatalog; path = Assets.xcassets; sourceTree = "<group>"; };
		E1F922E9227CA9040051E519 /* Base */ = {isa = PBXFileReference; lastKnownFileType = file.storyboard; name = Base; path = Base.lproj/LaunchScreen.storyboard; sourceTree = "<group>"; };
		E1F922EB227CA9040051E519 /* Info.plist */ = {isa = PBXFileReference; lastKnownFileType = text.plist.xml; path = Info.plist; sourceTree = "<group>"; };
		E1F922F5227CB8790051E519 /* BackgroundGradient.swift */ = {isa = PBXFileReference; lastKnownFileType = sourcecode.swift; path = BackgroundGradient.swift; sourceTree = "<group>"; };
		E1F922F7227CC0270051E519 /* CustomTextField.swift */ = {isa = PBXFileReference; lastKnownFileType = sourcecode.swift; path = CustomTextField.swift; sourceTree = "<group>"; };
		E1F922F9227CC5E50051E519 /* CustomButton.swift */ = {isa = PBXFileReference; lastKnownFileType = sourcecode.swift; path = CustomButton.swift; sourceTree = "<group>"; };
		E1F922FB227CD10B0051E519 /* RegisterViewController.swift */ = {isa = PBXFileReference; lastKnownFileType = sourcecode.swift; path = RegisterViewController.swift; sourceTree = "<group>"; };
/* End PBXFileReference section */

/* Begin PBXFrameworksBuildPhase section */
		E1F922D9227CA9030051E519 /* Frameworks */ = {
			isa = PBXFrameworksBuildPhase;
			buildActionMask = 2147483647;
			files = (
				638A67256B3FE44986CE8475 /* Pods_INROADS.framework in Frameworks */,
			);
			runOnlyForDeploymentPostprocessing = 0;
		};
/* End PBXFrameworksBuildPhase section */

/* Begin PBXGroup section */
		2D9DBE37E29E329B1B934365 /* Pods */ = {
			isa = PBXGroup;
			children = (
				3239F73312A0900D097D7218 /* Pods-INROADS.debug.xcconfig */,
				8E2CB2345180C011D35B09EB /* Pods-INROADS.release.xcconfig */,
			);
			name = Pods;
			path = Pods;
			sourceTree = "<group>";
		};
		331B03158E3DCFA72E0FAA09 /* Frameworks */ = {
			isa = PBXGroup;
			children = (
				B59B4F3C60E51AD171969628 /* Pods_INROADS.framework */,
			);
			name = Frameworks;
			sourceTree = "<group>";
		};
		E1F922D3227CA9030051E519 = {
			isa = PBXGroup;
			children = (
				E1F922DE227CA9030051E519 /* INROADS */,
				E1F922DD227CA9030051E519 /* Products */,
				2D9DBE37E29E329B1B934365 /* Pods */,
				331B03158E3DCFA72E0FAA09 /* Frameworks */,
			);
			sourceTree = "<group>";
		};
		E1F922DD227CA9030051E519 /* Products */ = {
			isa = PBXGroup;
			children = (
				E1F922DC227CA9030051E519 /* INROADS.app */,
			);
			name = Products;
			sourceTree = "<group>";
		};
		E1F922DE227CA9030051E519 /* INROADS */ = {
			isa = PBXGroup;
			children = (
				E1F922F4227CB7C20051E519 /* Views */,
				E1F922F3227CB7BB0051E519 /* Models */,
				E1F922F2227CA9190051E519 /* VC */,
				E1F922F1227CA9100051E519 /* Supporting Files */,
				E1F922E3227CA9030051E519 /* Main.storyboard */,
				E1F922EB227CA9040051E519 /* Info.plist */,
				E12CC95B235AA50D005A2FB5 /* GoogleService-Info.plist */,
			);
			path = INROADS;
			sourceTree = "<group>";
		};
		E1F922F1227CA9100051E519 /* Supporting Files */ = {
			isa = PBXGroup;
			children = (
				E1F922DF227CA9030051E519 /* AppDelegate.swift */,
				E1F922E6227CA9040051E519 /* Assets.xcassets */,
				E1F922E8227CA9040051E519 /* LaunchScreen.storyboard */,
			);
			path = "Supporting Files";
			sourceTree = "<group>";
		};
		E1F922F2227CA9190051E519 /* VC */ = {
			isa = PBXGroup;
			children = (
				E1F922E1227CA9030051E519 /* LoginViewController.swift */,
				E1F922FB227CD10B0051E519 /* RegisterViewController.swift */,
			);
			path = VC;
			sourceTree = "<group>";
		};
		E1F922F3227CB7BB0051E519 /* Models */ = {
			isa = PBXGroup;
			children = (
			);
			path = Models;
			sourceTree = "<group>";
		};
		E1F922F4227CB7C20051E519 /* Views */ = {
			isa = PBXGroup;
			children = (
				E1F922F5227CB8790051E519 /* BackgroundGradient.swift */,
				E1F922F7227CC0270051E519 /* CustomTextField.swift */,
				E1F922F9227CC5E50051E519 /* CustomButton.swift */,
				E14B419E232826BD00EBDB4A /* Button.swift */,
			);
			path = Views;
			sourceTree = "<group>";
		};
/* End PBXGroup section */

/* Begin PBXNativeTarget section */
		E1F922DB227CA9030051E519 /* INROADS */ = {
			isa = PBXNativeTarget;
			buildConfigurationList = E1F922EE227CA9040051E519 /* Build configuration list for PBXNativeTarget "INROADS" */;
			buildPhases = (
				BF13EE17FEB28EFCDCD93993 /* [CP] Check Pods Manifest.lock */,
				E1F922D8227CA9030051E519 /* Sources */,
				E1F922D9227CA9030051E519 /* Frameworks */,
				E1F922DA227CA9030051E519 /* Resources */,
				4B27665F35CAA6EBF8CE0CE9 /* [CP] Embed Pods Frameworks */,
			);
			buildRules = (
			);
			dependencies = (
			);
			name = INROADS;
			productName = UIReview;
			productReference = E1F922DC227CA9030051E519 /* INROADS.app */;
			productType = "com.apple.product-type.application";
		};
/* End PBXNativeTarget section */

/* Begin PBXProject section */
		E1F922D4227CA9030051E519 /* Project object */ = {
			isa = PBXProject;
			attributes = {
				LastSwiftUpdateCheck = 1020;
				LastUpgradeCheck = 1020;
				ORGANIZATIONNAME = "Rob McMahon";
				TargetAttributes = {
					E1F922DB227CA9030051E519 = {
						CreatedOnToolsVersion = 10.2.1;
					};
				};
			};
			buildConfigurationList = E1F922D7227CA9030051E519 /* Build configuration list for PBXProject "INROADS" */;
			compatibilityVersion = "Xcode 9.3";
			developmentRegion = en;
			hasScannedForEncodings = 0;
			knownRegions = (
				en,
				Base,
			);
			mainGroup = E1F922D3227CA9030051E519;
			productRefGroup = E1F922DD227CA9030051E519 /* Products */;
			projectDirPath = "";
			projectRoot = "";
			targets = (
				E1F922DB227CA9030051E519 /* INROADS */,
			);
		};
/* End PBXProject section */

/* Begin PBXResourcesBuildPhase section */
		E1F922DA227CA9030051E519 /* Resources */ = {
			isa = PBXResourcesBuildPhase;
			buildActionMask = 2147483647;
			files = (
				E1F922EA227CA9040051E519 /* LaunchScreen.storyboard in Resources */,
				E1F922E7227CA9040051E519 /* Assets.xcassets in Resources */,
				E1F922E5227CA9030051E519 /* Main.storyboard in Resources */,
				E12CC95C235AA50D005A2FB5 /* GoogleService-Info.plist in Resources */,
			);
			runOnlyForDeploymentPostprocessing = 0;
		};
/* End PBXResourcesBuildPhase section */

/* Begin PBXShellScriptBuildPhase section */
		4B27665F35CAA6EBF8CE0CE9 /* [CP] Embed Pods Frameworks */ = {
			isa = PBXShellScriptBuildPhase;
			buildActionMask = 2147483647;
			files = (
			);
			inputFileListPaths = (
				"${PODS_ROOT}/Target Support Files/Pods-INROADS/Pods-INROADS-frameworks-${CONFIGURATION}-input-files.xcfilelist",
			);
			name = "[CP] Embed Pods Frameworks";
			outputFileListPaths = (
				"${PODS_ROOT}/Target Support Files/Pods-INROADS/Pods-INROADS-frameworks-${CONFIGURATION}-output-files.xcfilelist",
			);
			runOnlyForDeploymentPostprocessing = 0;
			shellPath = /bin/sh;
			shellScript = "\"${PODS_ROOT}/Target Support Files/Pods-INROADS/Pods-INROADS-frameworks.sh\"\n";
			showEnvVarsInLog = 0;
		};
		BF13EE17FEB28EFCDCD93993 /* [CP] Check Pods Manifest.lock */ = {
			isa = PBXShellScriptBuildPhase;
			buildActionMask = 2147483647;
			files = (
			);
			inputFileListPaths = (
			);
			inputPaths = (
				"${PODS_PODFILE_DIR_PATH}/Podfile.lock",
				"${PODS_ROOT}/Manifest.lock",
			);
			name = "[CP] Check Pods Manifest.lock";
			outputFileListPaths = (
			);
			outputPaths = (
				"$(DERIVED_FILE_DIR)/Pods-INROADS-checkManifestLockResult.txt",
			);
			runOnlyForDeploymentPostprocessing = 0;
			shellPath = /bin/sh;
			shellScript = "diff \"${PODS_PODFILE_DIR_PATH}/Podfile.lock\" \"${PODS_ROOT}/Manifest.lock\" > /dev/null\nif [ $? != 0 ] ; then\n    # print error to STDERR\n    echo \"error: The sandbox is not in sync with the Podfile.lock. Run 'pod install' or update your CocoaPods installation.\" >&2\n    exit 1\nfi\n# This output is used by Xcode 'outputs' to avoid re-running this script phase.\necho \"SUCCESS\" > \"${SCRIPT_OUTPUT_FILE_0}\"\n";
			showEnvVarsInLog = 0;
		};
/* End PBXShellScriptBuildPhase section */

/* Begin PBXSourcesBuildPhase section */
		E1F922D8227CA9030051E519 /* Sources */ = {
			isa = PBXSourcesBuildPhase;
			buildActionMask = 2147483647;
			files = (
				E14B419F232826BD00EBDB4A /* Button.swift in Sources */,
				E1F922F8227CC0270051E519 /* CustomTextField.swift in Sources */,
				E1F922E2227CA9030051E519 /* LoginViewController.swift in Sources */,
				E1F922E0227CA9030051E519 /* AppDelegate.swift in Sources */,
				E1F922FC227CD10B0051E519 /* RegisterViewController.swift in Sources */,
				E1F922F6227CB8790051E519 /* BackgroundGradient.swift in Sources */,
				E1F922FA227CC5E50051E519 /* CustomButton.swift in Sources */,
			);
			runOnlyForDeploymentPostprocessing = 0;
		};
/* End PBXSourcesBuildPhase section */

/* Begin PBXVariantGroup section */
		E1F922E3227CA9030051E519 /* Main.storyboard */ = {
			isa = PBXVariantGroup;
			children = (
				E1F922E4227CA9030051E519 /* Base */,
			);
			name = Main.storyboard;
			sourceTree = "<group>";
		};
		E1F922E8227CA9040051E519 /* LaunchScreen.storyboard */ = {
			isa = PBXVariantGroup;
			children = (
				E1F922E9227CA9040051E519 /* Base */,
			);
			name = LaunchScreen.storyboard;
			sourceTree = "<group>";
		};
/* End PBXVariantGroup section */

/* Begin XCBuildConfiguration section */
		E1F922EC227CA9040051E519 /* Debug */ = {
			isa = XCBuildConfiguration;
			buildSettings = {
				ALWAYS_SEARCH_USER_PATHS = NO;
				CLANG_ANALYZER_NONNULL = YES;
				CLANG_ANALYZER_NUMBER_OBJECT_CONVERSION = YES_AGGRESSIVE;
				CLANG_CXX_LANGUAGE_STANDARD = "gnu++14";
				CLANG_CXX_LIBRARY = "libc++";
				CLANG_ENABLE_MODULES = YES;
				CLANG_ENABLE_OBJC_ARC = YES;
				CLANG_ENABLE_OBJC_WEAK = YES;
				CLANG_WARN_BLOCK_CAPTURE_AUTORELEASING = YES;
				CLANG_WARN_BOOL_CONVERSION = YES;
				CLANG_WARN_COMMA = YES;
				CLANG_WARN_CONSTANT_CONVERSION = YES;
				CLANG_WARN_DEPRECATED_OBJC_IMPLEMENTATIONS = YES;
				CLANG_WARN_DIRECT_OBJC_ISA_USAGE = YES_ERROR;
				CLANG_WARN_DOCUMENTATION_COMMENTS = YES;
				CLANG_WARN_EMPTY_BODY = YES;
				CLANG_WARN_ENUM_CONVERSION = YES;
				CLANG_WARN_INFINITE_RECURSION = YES;
				CLANG_WARN_INT_CONVERSION = YES;
				CLANG_WARN_NON_LITERAL_NULL_CONVERSION = YES;
				CLANG_WARN_OBJC_IMPLICIT_RETAIN_SELF = YES;
				CLANG_WARN_OBJC_LITERAL_CONVERSION = YES;
				CLANG_WARN_OBJC_ROOT_CLASS = YES_ERROR;
				CLANG_WARN_RANGE_LOOP_ANALYSIS = YES;
				CLANG_WARN_STRICT_PROTOTYPES = YES;
				CLANG_WARN_SUSPICIOUS_MOVE = YES;
				CLANG_WARN_UNGUARDED_AVAILABILITY = YES_AGGRESSIVE;
				CLANG_WARN_UNREACHABLE_CODE = YES;
				CLANG_WARN__DUPLICATE_METHOD_MATCH = YES;
				CODE_SIGN_IDENTITY = "iPhone Developer";
				COPY_PHASE_STRIP = NO;
				DEBUG_INFORMATION_FORMAT = dwarf;
				ENABLE_STRICT_OBJC_MSGSEND = YES;
				ENABLE_TESTABILITY = YES;
				GCC_C_LANGUAGE_STANDARD = gnu11;
				GCC_DYNAMIC_NO_PIC = NO;
				GCC_NO_COMMON_BLOCKS = YES;
				GCC_OPTIMIZATION_LEVEL = 0;
				GCC_PREPROCESSOR_DEFINITIONS = (
					"DEBUG=1",
					"$(inherited)",
				);
				GCC_WARN_64_TO_32_BIT_CONVERSION = YES;
				GCC_WARN_ABOUT_RETURN_TYPE = YES_ERROR;
				GCC_WARN_UNDECLARED_SELECTOR = YES;
				GCC_WARN_UNINITIALIZED_AUTOS = YES_AGGRESSIVE;
				GCC_WARN_UNUSED_FUNCTION = YES;
				GCC_WARN_UNUSED_VARIABLE = YES;
				IPHONEOS_DEPLOYMENT_TARGET = 12.2;
				MTL_ENABLE_DEBUG_INFO = INCLUDE_SOURCE;
				MTL_FAST_MATH = YES;
				ONLY_ACTIVE_ARCH = YES;
				SDKROOT = iphoneos;
				SWIFT_ACTIVE_COMPILATION_CONDITIONS = DEBUG;
				SWIFT_OPTIMIZATION_LEVEL = "-Onone";
			};
			name = Debug;
		};
		E1F922ED227CA9040051E519 /* Release */ = {
			isa = XCBuildConfiguration;
			buildSettings = {
				ALWAYS_SEARCH_USER_PATHS = NO;
				CLANG_ANALYZER_NONNULL = YES;
				CLANG_ANALYZER_NUMBER_OBJECT_CONVERSION = YES_AGGRESSIVE;
				CLANG_CXX_LANGUAGE_STANDARD = "gnu++14";
				CLANG_CXX_LIBRARY = "libc++";
				CLANG_ENABLE_MODULES = YES;
				CLANG_ENABLE_OBJC_ARC = YES;
				CLANG_ENABLE_OBJC_WEAK = YES;
				CLANG_WARN_BLOCK_CAPTURE_AUTORELEASING = YES;
				CLANG_WARN_BOOL_CONVERSION = YES;
				CLANG_WARN_COMMA = YES;
				CLANG_WARN_CONSTANT_CONVERSION = YES;
				CLANG_WARN_DEPRECATED_OBJC_IMPLEMENTATIONS = YES;
				CLANG_WARN_DIRECT_OBJC_ISA_USAGE = YES_ERROR;
				CLANG_WARN_DOCUMENTATION_COMMENTS = YES;
				CLANG_WARN_EMPTY_BODY = YES;
				CLANG_WARN_ENUM_CONVERSION = YES;
				CLANG_WARN_INFINITE_RECURSION = YES;
				CLANG_WARN_INT_CONVERSION = YES;
				CLANG_WARN_NON_LITERAL_NULL_CONVERSION = YES;
				CLANG_WARN_OBJC_IMPLICIT_RETAIN_SELF = YES;
				CLANG_WARN_OBJC_LITERAL_CONVERSION = YES;
				CLANG_WARN_OBJC_ROOT_CLASS = YES_ERROR;
				CLANG_WARN_RANGE_LOOP_ANALYSIS = YES;
				CLANG_WARN_STRICT_PROTOTYPES = YES;
				CLANG_WARN_SUSPICIOUS_MOVE = YES;
				CLANG_WARN_UNGUARDED_AVAILABILITY = YES_AGGRESSIVE;
				CLANG_WARN_UNREACHABLE_CODE = YES;
				CLANG_WARN__DUPLICATE_METHOD_MATCH = YES;
				CODE_SIGN_IDENTITY = "iPhone Developer";
				COPY_PHASE_STRIP = NO;
				DEBUG_INFORMATION_FORMAT = "dwarf-with-dsym";
				ENABLE_NS_ASSERTIONS = NO;
				ENABLE_STRICT_OBJC_MSGSEND = YES;
				GCC_C_LANGUAGE_STANDARD = gnu11;
				GCC_NO_COMMON_BLOCKS = YES;
				GCC_WARN_64_TO_32_BIT_CONVERSION = YES;
				GCC_WARN_ABOUT_RETURN_TYPE = YES_ERROR;
				GCC_WARN_UNDECLARED_SELECTOR = YES;
				GCC_WARN_UNINITIALIZED_AUTOS = YES_AGGRESSIVE;
				GCC_WARN_UNUSED_FUNCTION = YES;
				GCC_WARN_UNUSED_VARIABLE = YES;
				IPHONEOS_DEPLOYMENT_TARGET = 12.2;
				MTL_ENABLE_DEBUG_INFO = NO;
				MTL_FAST_MATH = YES;
				SDKROOT = iphoneos;
				SWIFT_COMPILATION_MODE = wholemodule;
				SWIFT_OPTIMIZATION_LEVEL = "-O";
				VALIDATE_PRODUCT = YES;
			};
			name = Release;
		};
		E1F922EF227CA9040051E519 /* Debug */ = {
			isa = XCBuildConfiguration;
			baseConfigurationReference = 3239F73312A0900D097D7218 /* Pods-INROADS.debug.xcconfig */;
			buildSettings = {
				ASSETCATALOG_COMPILER_APPICON_NAME = AppIcon;
				CODE_SIGN_STYLE = Automatic;
				DEVELOPMENT_TEAM = KWH4L7RFZ7;
				INFOPLIST_FILE = UIReview/Info.plist;
				LD_RUNPATH_SEARCH_PATHS = (
					"$(inherited)",
					"@executable_path/Frameworks",
				);
				PRODUCT_BUNDLE_IDENTIFIER = Otterbein.INROADS;
				PRODUCT_NAME = INROADS;
				SWIFT_VERSION = 5.0;
				TARGETED_DEVICE_FAMILY = "1,2";
			};
			name = Debug;
		};
		E1F922F0227CA9040051E519 /* Release */ = {
			isa = XCBuildConfiguration;
			baseConfigurationReference = 8E2CB2345180C011D35B09EB /* Pods-INROADS.release.xcconfig */;
			buildSettings = {
				ASSETCATALOG_COMPILER_APPICON_NAME = AppIcon;
				CODE_SIGN_STYLE = Automatic;
				DEVELOPMENT_TEAM = KWH4L7RFZ7;
				INFOPLIST_FILE = UIReview/Info.plist;
				LD_RUNPATH_SEARCH_PATHS = (
					"$(inherited)",
					"@executable_path/Frameworks",
				);
				PRODUCT_BUNDLE_IDENTIFIER = Otterbein.INROADS;
				PRODUCT_NAME = INROADS;
				SWIFT_VERSION = 5.0;
				TARGETED_DEVICE_FAMILY = "1,2";
			};
			name = Release;
		};
/* End XCBuildConfiguration section */

/* Begin XCConfigurationList section */
		E1F922D7227CA9030051E519 /* Build configuration list for PBXProject "INROADS" */ = {
			isa = XCConfigurationList;
			buildConfigurations = (
				E1F922EC227CA9040051E519 /* Debug */,
				E1F922ED227CA9040051E519 /* Release */,
			);
			defaultConfigurationIsVisible = 0;
			defaultConfigurationName = Release;
		};
		E1F922EE227CA9040051E519 /* Build configuration list for PBXNativeTarget "INROADS" */ = {
			isa = XCConfigurationList;
			buildConfigurations = (
				E1F922EF227CA9040051E519 /* Debug */,
				E1F922F0227CA9040051E519 /* Release */,
			);
			defaultConfigurationIsVisible = 0;
			defaultConfigurationName = Release;
		};
/* End XCConfigurationList section */
	};
	rootObject = E1F922D4227CA9030051E519 /* Project object */;
}
